
Microsoft Visual Studio Solution File, Format Version 12.00
# Visual Studio Version 16
VisualStudioVersion = 16.0.31112.23
MinimumVisualStudioVersion = 10.0.40219.1
Project("{FAE04EC0-301F-11D3-BF4B-00C04F79EFBC}") = "MorshuApp", "MorshuApp\MorshuApp.csproj", "{9FF916EC-1C15-40AD-8588-CC788D48CAAF}"
EndProject
Global
	GlobalSection(SolutionConfigurationPlatforms) = preSolution
		Debug|Any CPU = Debug|Any CPU
		Release|Any CPU = Release|Any CPU
	EndGlobalSection
	GlobalSection(ProjectConfigurationPlatforms) = postSolution
		{9FF916EC-1C15-40AD-8588-CC788D48CAAF}.Debug|Any CPU.ActiveCfg = Debug|Any CPU
		{9FF916EC-1C15-40AD-8588-CC788D48CAAF}.Debug|Any CPU.Build.0 = Debug|Any CPU
		{9FF916EC-1C15-40AD-8588-CC788D48CAAF}.Release|Any CPU.ActiveCfg = Release|Any CPU
		{9FF916EC-1C15-40AD-8588-CC788D48CAAF}.Release|Any CPU.Build.0 = Release|Any CPU
	EndGlobalSection
	GlobalSection(SolutionProperties) = preSolution
		HideSolutionNode = FALSE
	EndGlobalSection
	GlobalSection(ExtensibilityGlobals) = postSolution
		SolutionGuid = {C77E22FE-CF52-4435-ABB2-125784F7F769}
	EndGlobalSection
EndGlobal
